
Microsoft Visual Studio Solution File, Format Version 12.00
# Visual Studio Version 17
VisualStudioVersion = 17.10.35013.160
MinimumVisualStudioVersion = 10.0.40219.1
Project("{9A19103F-16F7-4668-BE54-9A1E7A4F7556}") = "BankProjectV4", "BankProjectV4.csproj", "{38DE309E-1D80-4171-836E-B617AF687FB5}"
EndProject
Project("{9A19103F-16F7-4668-BE54-9A1E7A4F7556}") = "Banksystem2.GUI", "..\Banksystem2.GUI\Banksystem2.GUI.csproj", "{B4742E0B-357B-4D4A-8FC7-43A53B320A10}"
EndProject
Global
	GlobalSection(SolutionConfigurationPlatforms) = preSolution
		Debug|Any CPU = Debug|Any CPU
		Release|Any CPU = Release|Any CPU
	EndGlobalSection
	GlobalSection(ProjectConfigurationPlatforms) = postSolution
		{38DE309E-1D80-4171-836E-B617AF687FB5}.Debug|Any CPU.ActiveCfg = Debug|Any CPU
		{38DE309E-1D80-4171-836E-B617AF687FB5}.Debug|Any CPU.Build.0 = Debug|Any CPU
		{38DE309E-1D80-4171-836E-B617AF687FB5}.Release|Any CPU.ActiveCfg = Release|Any CPU
		{38DE309E-1D80-4171-836E-B617AF687FB5}.Release|Any CPU.Build.0 = Release|Any CPU
		{B4742E0B-357B-4D4A-8FC7-43A53B320A10}.Debug|Any CPU.ActiveCfg = Debug|Any CPU
		{B4742E0B-357B-4D4A-8FC7-43A53B320A10}.Debug|Any CPU.Build.0 = Debug|Any CPU
		{B4742E0B-357B-4D4A-8FC7-43A53B320A10}.Release|Any CPU.ActiveCfg = Release|Any CPU
		{B4742E0B-357B-4D4A-8FC7-43A53B320A10}.Release|Any CPU.Build.0 = Release|Any CPU
	EndGlobalSection
	GlobalSection(SolutionProperties) = preSolution
		HideSolutionNode = FALSE
	EndGlobalSection
	GlobalSection(ExtensibilityGlobals) = postSolution
		SolutionGuid = {50BE6084-7F9C-42F7-9B63-3FA2FFD4E8CD}
	EndGlobalSection
EndGlobal
